// !$*UTF8*$!
{
	archiveVersion = 1;
	classes = {
	};
	objectVersion = 46;
	objects = {

/* Begin PBXBuildFile section */
		174ECB8F1A83428A0017736D /* main.m in Sources */ = {isa = PBXBuildFile; fileRef = 174ECB8E1A83428A0017736D /* main.m */; };
		174ECB921A83428A0017736D /* AppDelegate.m in Sources */ = {isa = PBXBuildFile; fileRef = 174ECB911A83428A0017736D /* AppDelegate.m */; };
		174ECB981A83428A0017736D /* Main.storyboard in Resources */ = {isa = PBXBuildFile; fileRef = 174ECB961A83428A0017736D /* Main.storyboard */; };
		174ECB9A1A83428A0017736D /* Images.xcassets in Resources */ = {isa = PBXBuildFile; fileRef = 174ECB991A83428A0017736D /* Images.xcassets */; };
		174ECBA91A83428A0017736D /* BackgroundAppTests.m in Sources */ = {isa = PBXBuildFile; fileRef = 174ECBA81A83428A0017736D /* BackgroundAppTests.m */; };
		174ECBBB1A834B390017736D /* SplashViewController.m in Sources */ = {isa = PBXBuildFile; fileRef = 174ECBB91A834B390017736D /* SplashViewController.m */; };
		174ECBBF1A838C3C0017736D /* LoginViewController.m in Sources */ = {isa = PBXBuildFile; fileRef = 174ECBBE1A838C3C0017736D /* LoginViewController.m */; };
		174ECBC61A8392E70017736D /* MSSlidingPanelController.m in Sources */ = {isa = PBXBuildFile; fileRef = 174ECBC31A8392E70017736D /* MSSlidingPanelController.m */; };
		174ECBC71A8392E70017736D /* MSViewControllerSlidingPanel.m in Sources */ = {isa = PBXBuildFile; fileRef = 174ECBC51A8392E70017736D /* MSViewControllerSlidingPanel.m */; };
		174ECBCE1A839BC50017736D /* HomeViewController.m in Sources */ = {isa = PBXBuildFile; fileRef = 174ECBCD1A839BC50017736D /* HomeViewController.m */; };
		174ECBD71A839C530017736D /* MenuTableViewController.m in Sources */ = {isa = PBXBuildFile; fileRef = 174ECBD61A839C530017736D /* MenuTableViewController.m */; };
		174ECBDB1A839DF60017736D /* EmptySegue.m in Sources */ = {isa = PBXBuildFile; fileRef = 174ECBDA1A839DF60017736D /* EmptySegue.m */; };
		17B8D97C1ABC4E6400C31C99 /* BackgroundTask.m in Sources */ = {isa = PBXBuildFile; fileRef = 17B8D97B1ABC4E6400C31C99 /* BackgroundTask.m */; };
		17B8D97E1ABC4E7C00C31C99 /* AVFoundation.framework in Frameworks */ = {isa = PBXBuildFile; fileRef = 17B8D97D1ABC4E7C00C31C99 /* AVFoundation.framework */; };
/* End PBXBuildFile section */

/* Begin PBXContainerItemProxy section */
		174ECBA31A83428A0017736D /* PBXContainerItemProxy */ = {
			isa = PBXContainerItemProxy;
			containerPortal = 174ECB811A83428A0017736D /* Project object */;
			proxyType = 1;
			remoteGlobalIDString = 174ECB881A83428A0017736D;
			remoteInfo = BackgroundApp;
		};
/* End PBXContainerItemProxy section */

/* Begin PBXFileReference section */
		174ECB891A83428A0017736D /* BackgroundApp.app */ = {isa = PBXFileReference; explicitFileType = wrapper.application; includeInIndex = 0; path = BackgroundApp.app; sourceTree = BUILT_PRODUCTS_DIR; };
		174ECB8D1A83428A0017736D /* Info.plist */ = {isa = PBXFileReference; lastKnownFileType = text.plist.xml; path = Info.plist; sourceTree = "<group>"; };
		174ECB8E1A83428A0017736D /* main.m */ = {isa = PBXFileReference; lastKnownFileType = sourcecode.c.objc; path = main.m; sourceTree = "<group>"; };
		174ECB901A83428A0017736D /* AppDelegate.h */ = {isa = PBXFileReference; lastKnownFileType = sourcecode.c.h; path = AppDelegate.h; sourceTree = "<group>"; };
		174ECB911A83428A0017736D /* AppDelegate.m */ = {isa = PBXFileReference; lastKnownFileType = sourcecode.c.objc; path = AppDelegate.m; sourceTree = "<group>"; };
		174ECB971A83428A0017736D /* Base */ = {isa = PBXFileReference; lastKnownFileType = file.storyboard; name = Base; path = Base.lproj/Main.storyboard; sourceTree = "<group>"; };
		174ECB991A83428A0017736D /* Images.xcassets */ = {isa = PBXFileReference; lastKnownFileType = folder.assetcatalog; path = Images.xcassets; sourceTree = "<group>"; };
		174ECBA21A83428A0017736D /* BackgroundAppTests.xctest */ = {isa = PBXFileReference; explicitFileType = wrapper.cfbundle; includeInIndex = 0; path = BackgroundAppTests.xctest; sourceTree = BUILT_PRODUCTS_DIR; };
		174ECBA71A83428A0017736D /* Info.plist */ = {isa = PBXFileReference; lastKnownFileType = text.plist.xml; path = Info.plist; sourceTree = "<group>"; };
		174ECBA81A83428A0017736D /* BackgroundAppTests.m */ = {isa = PBXFileReference; lastKnownFileType = sourcecode.c.objc; path = BackgroundAppTests.m; sourceTree = "<group>"; };
		174ECBB81A834B390017736D /* SplashViewController.h */ = {isa = PBXFileReference; fileEncoding = 4; lastKnownFileType = sourcecode.c.h; path = SplashViewController.h; sourceTree = "<group>"; };
		174ECBB91A834B390017736D /* SplashViewController.m */ = {isa = PBXFileReference; fileEncoding = 4; lastKnownFileType = sourcecode.c.objc; path = SplashViewController.m; sourceTree = "<group>"; };
		174ECBBD1A838C3C0017736D /* LoginViewController.h */ = {isa = PBXFileReference; fileEncoding = 4; lastKnownFileType = sourcecode.c.h; path = LoginViewController.h; sourceTree = "<group>"; };
		174ECBBE1A838C3C0017736D /* LoginViewController.m */ = {isa = PBXFileReference; fileEncoding = 4; lastKnownFileType = sourcecode.c.objc; path = LoginViewController.m; sourceTree = "<group>"; };
		174ECBC21A8392E70017736D /* MSSlidingPanelController.h */ = {isa = PBXFileReference; fileEncoding = 4; lastKnownFileType = sourcecode.c.h; path = MSSlidingPanelController.h; sourceTree = "<group>"; };
		174ECBC31A8392E70017736D /* MSSlidingPanelController.m */ = {isa = PBXFileReference; fileEncoding = 4; lastKnownFileType = sourcecode.c.objc; path = MSSlidingPanelController.m; sourceTree = "<group>"; };
		174ECBC41A8392E70017736D /* MSViewControllerSlidingPanel.h */ = {isa = PBXFileReference; fileEncoding = 4; lastKnownFileType = sourcecode.c.h; path = MSViewControllerSlidingPanel.h; sourceTree = "<group>"; };
		174ECBC51A8392E70017736D /* MSViewControllerSlidingPanel.m */ = {isa = PBXFileReference; fileEncoding = 4; lastKnownFileType = sourcecode.c.objc; path = MSViewControllerSlidingPanel.m; sourceTree = "<group>"; };
		174ECBCA1A8397020017736D /* BackgroundApp-Prefix.pch */ = {isa = PBXFileReference; fileEncoding = 4; lastKnownFileType = sourcecode.c.h; path = "BackgroundApp-Prefix.pch"; sourceTree = "<group>"; };
		174ECBCC1A839BC50017736D /* HomeViewController.h */ = {isa = PBXFileReference; fileEncoding = 4; lastKnownFileType = sourcecode.c.h; path = HomeViewController.h; sourceTree = "<group>"; };
		174ECBCD1A839BC50017736D /* HomeViewController.m */ = {isa = PBXFileReference; fileEncoding = 4; lastKnownFileType = sourcecode.c.objc; path = HomeViewController.m; sourceTree = "<group>"; };
		174ECBD51A839C530017736D /* MenuTableViewController.h */ = {isa = PBXFileReference; fileEncoding = 4; lastKnownFileType = sourcecode.c.h; path = MenuTableViewController.h; sourceTree = "<group>"; };
		174ECBD61A839C530017736D /* MenuTableViewController.m */ = {isa = PBXFileReference; fileEncoding = 4; lastKnownFileType = sourcecode.c.objc; path = MenuTableViewController.m; sourceTree = "<group>"; };
		174ECBD91A839DF60017736D /* EmptySegue.h */ = {isa = PBXFileReference; fileEncoding = 4; lastKnownFileType = sourcecode.c.h; path = EmptySegue.h; sourceTree = "<group>"; };
		174ECBDA1A839DF60017736D /* EmptySegue.m */ = {isa = PBXFileReference; fileEncoding = 4; lastKnownFileType = sourcecode.c.objc; path = EmptySegue.m; sourceTree = "<group>"; };
		17B8D97A1ABC4E6400C31C99 /* BackgroundTask.h */ = {isa = PBXFileReference; fileEncoding = 4; lastKnownFileType = sourcecode.c.h; path = BackgroundTask.h; sourceTree = "<group>"; };
		17B8D97B1ABC4E6400C31C99 /* BackgroundTask.m */ = {isa = PBXFileReference; fileEncoding = 4; lastKnownFileType = sourcecode.c.objc; path = BackgroundTask.m; sourceTree = "<group>"; };
		17B8D97D1ABC4E7C00C31C99 /* AVFoundation.framework */ = {isa = PBXFileReference; lastKnownFileType = wrapper.framework; name = AVFoundation.framework; path = System/Library/Frameworks/AVFoundation.framework; sourceTree = SDKROOT; };
/* End PBXFileReference section */

/* Begin PBXFrameworksBuildPhase section */
		174ECB861A83428A0017736D /* Frameworks */ = {
			isa = PBXFrameworksBuildPhase;
			buildActionMask = 2147483647;
			files = (
				17B8D97E1ABC4E7C00C31C99 /* AVFoundation.framework in Frameworks */,
			);
			runOnlyForDeploymentPostprocessing = 0;
		};
		174ECB9F1A83428A0017736D /* Frameworks */ = {
			isa = PBXFrameworksBuildPhase;
			buildActionMask = 2147483647;
			files = (
			);
			runOnlyForDeploymentPostprocessing = 0;
		};
/* End PBXFrameworksBuildPhase section */

/* Begin PBXGroup section */
		174ECB801A83428A0017736D = {
			isa = PBXGroup;
			children = (
				17B8D97F1ABC4E8800C31C99 /* Framework */,
				174ECB8B1A83428A0017736D /* BackgroundApp */,
				174ECBA51A83428A0017736D /* BackgroundAppTests */,
				174ECB8A1A83428A0017736D /* Products */,
			);
			sourceTree = "<group>";
		};
		174ECB8A1A83428A0017736D /* Products */ = {
			isa = PBXGroup;
			children = (
				174ECB891A83428A0017736D /* BackgroundApp.app */,
				174ECBA21A83428A0017736D /* BackgroundAppTests.xctest */,
			);
			name = Products;
			sourceTree = "<group>";
		};
		174ECB8B1A83428A0017736D /* BackgroundApp */ = {
			isa = PBXGroup;
			children = (
				174ECBBC1A834B420017736D /* AppDelegate */,
				174ECBB51A834B390017736D /* Modules */,
				174ECBCB1A839BC50017736D /* RootViewController */,
				174ECB961A83428A0017736D /* Main.storyboard */,
				174ECB991A83428A0017736D /* Images.xcassets */,
				174ECBC01A8392E70017736D /* ThirdParty */,
				174ECB8C1A83428A0017736D /* Supporting Files */,
			);
			path = BackgroundApp;
			sourceTree = "<group>";
		};
		174ECB8C1A83428A0017736D /* Supporting Files */ = {
			isa = PBXGroup;
			children = (
				174ECB8D1A83428A0017736D /* Info.plist */,
				174ECB8E1A83428A0017736D /* main.m */,
				174ECBCA1A8397020017736D /* BackgroundApp-Prefix.pch */,
			);
			name = "Supporting Files";
			sourceTree = "<group>";
		};
		174ECBA51A83428A0017736D /* BackgroundAppTests */ = {
			isa = PBXGroup;
			children = (
				174ECBA81A83428A0017736D /* BackgroundAppTests.m */,
				174ECBA61A83428A0017736D /* Supporting Files */,
			);
			path = BackgroundAppTests;
			sourceTree = "<group>";
		};
		174ECBA61A83428A0017736D /* Supporting Files */ = {
			isa = PBXGroup;
			children = (
				174ECBA71A83428A0017736D /* Info.plist */,
			);
			name = "Supporting Files";
			sourceTree = "<group>";
		};
		174ECBB51A834B390017736D /* Modules */ = {
			isa = PBXGroup;
			children = (
				174ECBB61A834B390017736D /* Models */,
				174ECBBA1A834B390017736D /* Views */,
				174ECBB71A834B390017736D /* ViewControllers */,
			);
			path = Modules;
			sourceTree = "<group>";
		};
		174ECBB61A834B390017736D /* Models */ = {
			isa = PBXGroup;
			children = (
				17B8D97A1ABC4E6400C31C99 /* BackgroundTask.h */,
				17B8D97B1ABC4E6400C31C99 /* BackgroundTask.m */,
			);
			path = Models;
			sourceTree = "<group>";
		};
		174ECBB71A834B390017736D /* ViewControllers */ = {
			isa = PBXGroup;
			children = (
				174ECBB81A834B390017736D /* SplashViewController.h */,
				174ECBB91A834B390017736D /* SplashViewController.m */,
				174ECBBD1A838C3C0017736D /* LoginViewController.h */,
				174ECBBE1A838C3C0017736D /* LoginViewController.m */,
			);
			path = ViewControllers;
			sourceTree = "<group>";
		};
		174ECBBA1A834B390017736D /* Views */ = {
			isa = PBXGroup;
			children = (
				174ECBD81A839DD30017736D /* Segue */,
			);
			path = Views;
			sourceTree = "<group>";
		};
		174ECBBC1A834B420017736D /* AppDelegate */ = {
			isa = PBXGroup;
			children = (
				174ECB901A83428A0017736D /* AppDelegate.h */,
				174ECB911A83428A0017736D /* AppDelegate.m */,
			);
			name = AppDelegate;
			sourceTree = "<group>";
		};
		174ECBC01A8392E70017736D /* ThirdParty */ = {
			isa = PBXGroup;
			children = (
				174ECBC11A8392E70017736D /* MSSlidingPanelController */,
			);
			path = ThirdParty;
			sourceTree = "<group>";
		};
		174ECBC11A8392E70017736D /* MSSlidingPanelController */ = {
			isa = PBXGroup;
			children = (
				174ECBC21A8392E70017736D /* MSSlidingPanelController.h */,
				174ECBC31A8392E70017736D /* MSSlidingPanelController.m */,
				174ECBC41A8392E70017736D /* MSViewControllerSlidingPanel.h */,
				174ECBC51A8392E70017736D /* MSViewControllerSlidingPanel.m */,
			);
			path = MSSlidingPanelController;
			sourceTree = "<group>";
		};
		174ECBCB1A839BC50017736D /* RootViewController */ = {
			isa = PBXGroup;
			children = (
				174ECBD51A839C530017736D /* MenuTableViewController.h */,
				174ECBD61A839C530017736D /* MenuTableViewController.m */,
				174ECBCC1A839BC50017736D /* HomeViewController.h */,
				174ECBCD1A839BC50017736D /* HomeViewController.m */,
			);
			name = RootViewController;
			path = Modules/RootViewController;
			sourceTree = "<group>";
		};
		174ECBD81A839DD30017736D /* Segue */ = {
			isa = PBXGroup;
			children = (
				174ECBD91A839DF60017736D /* EmptySegue.h */,
				174ECBDA1A839DF60017736D /* EmptySegue.m */,
			);
			path = Segue;
			sourceTree = "<group>";
		};
		17B8D97F1ABC4E8800C31C99 /* Framework */ = {
			isa = PBXGroup;
			children = (
				17B8D97D1ABC4E7C00C31C99 /* AVFoundation.framework */,
			);
			name = Framework;
			sourceTree = "<group>";
		};
/* End PBXGroup section */

/* Begin PBXNativeTarget section */
		174ECB881A83428A0017736D /* BackgroundApp */ = {
			isa = PBXNativeTarget;
			buildConfigurationList = 174ECBAC1A83428A0017736D /* Build configuration list for PBXNativeTarget "BackgroundApp" */;
			buildPhases = (
				174ECB851A83428A0017736D /* Sources */,
				174ECB861A83428A0017736D /* Frameworks */,
				174ECB871A83428A0017736D /* Resources */,
			);
			buildRules = (
			);
			dependencies = (
			);
			name = BackgroundApp;
			productName = BackgroundApp;
			productReference = 174ECB891A83428A0017736D /* BackgroundApp.app */;
			productType = "com.apple.product-type.application";
		};
		174ECBA11A83428A0017736D /* BackgroundAppTests */ = {
			isa = PBXNativeTarget;
			buildConfigurationList = 174ECBAF1A83428A0017736D /* Build configuration list for PBXNativeTarget "BackgroundAppTests" */;
			buildPhases = (
				174ECB9E1A83428A0017736D /* Sources */,
				174ECB9F1A83428A0017736D /* Frameworks */,
				174ECBA01A83428A0017736D /* Resources */,
			);
			buildRules = (
			);
			dependencies = (
				174ECBA41A83428A0017736D /* PBXTargetDependency */,
			);
			name = BackgroundAppTests;
			productName = BackgroundAppTests;
			productReference = 174ECBA21A83428A0017736D /* BackgroundAppTests.xctest */;
			productType = "com.apple.product-type.bundle.unit-test";
		};
/* End PBXNativeTarget section */

/* Begin PBXProject section */
		174ECB811A83428A0017736D /* Project object */ = {
			isa = PBXProject;
			attributes = {
				LastUpgradeCheck = 0610;
				ORGANIZATIONNAME = "Vinod Vishwakarma";
				TargetAttributes = {
					174ECB881A83428A0017736D = {
						CreatedOnToolsVersion = 6.1;
						SystemCapabilities = {
							com.apple.BackgroundModes = {
								enabled = 1;
							};
						};
					};
					174ECBA11A83428A0017736D = {
						CreatedOnToolsVersion = 6.1;
						TestTargetID = 174ECB881A83428A0017736D;
					};
				};
			};
			buildConfigurationList = 174ECB841A83428A0017736D /* Build configuration list for PBXProject "BackgroundApp" */;
			compatibilityVersion = "Xcode 3.2";
			developmentRegion = English;
			hasScannedForEncodings = 0;
			knownRegions = (
				en,
				Base,
			);
			mainGroup = 174ECB801A83428A0017736D;
			productRefGroup = 174ECB8A1A83428A0017736D /* Products */;
			projectDirPath = "";
			projectRoot = "";
			targets = (
				174ECB881A83428A0017736D /* BackgroundApp */,
				174ECBA11A83428A0017736D /* BackgroundAppTests */,
			);
		};
/* End PBXProject section */

/* Begin PBXResourcesBuildPhase section */
		174ECB871A83428A0017736D /* Resources */ = {
			isa = PBXResourcesBuildPhase;
			buildActionMask = 2147483647;
			files = (
				174ECB981A83428A0017736D /* Main.storyboard in Resources */,
				174ECB9A1A83428A0017736D /* Images.xcassets in Resources */,
			);
			runOnlyForDeploymentPostprocessing = 0;
		};
		174ECBA01A83428A0017736D /* Resources */ = {
			isa = PBXResourcesBuildPhase;
			buildActionMask = 2147483647;
			files = (
			);
			runOnlyForDeploymentPostprocessing = 0;
		};
/* End PBXResourcesBuildPhase section */

/* Begin PBXSourcesBuildPhase section */
		174ECB851A83428A0017736D /* Sources */ = {
			isa = PBXSourcesBuildPhase;
			buildActionMask = 2147483647;
			files = (
				174ECBDB1A839DF60017736D /* EmptySegue.m in Sources */,
				174ECB921A83428A0017736D /* AppDelegate.m in Sources */,
				174ECBCE1A839BC50017736D /* HomeViewController.m in Sources */,
				174ECB8F1A83428A0017736D /* main.m in Sources */,
				174ECBC61A8392E70017736D /* MSSlidingPanelController.m in Sources */,
				174ECBBB1A834B390017736D /* SplashViewController.m in Sources */,
				174ECBC71A8392E70017736D /* MSViewControllerSlidingPanel.m in Sources */,
				174ECBD71A839C530017736D /* MenuTableViewController.m in Sources */,
				17B8D97C1ABC4E6400C31C99 /* BackgroundTask.m in Sources */,
				174ECBBF1A838C3C0017736D /* LoginViewController.m in Sources */,
			);
			runOnlyForDeploymentPostprocessing = 0;
		};
		174ECB9E1A83428A0017736D /* Sources */ = {
			isa = PBXSourcesBuildPhase;
			buildActionMask = 2147483647;
			files = (
				174ECBA91A83428A0017736D /* BackgroundAppTests.m in Sources */,
			);
			runOnlyForDeploymentPostprocessing = 0;
		};
/* End PBXSourcesBuildPhase section */

/* Begin PBXTargetDependency section */
		174ECBA41A83428A0017736D /* PBXTargetDependency */ = {
			isa = PBXTargetDependency;
			target = 174ECB881A83428A0017736D /* BackgroundApp */;
			targetProxy = 174ECBA31A83428A0017736D /* PBXContainerItemProxy */;
		};
/* End PBXTargetDependency section */

/* Begin PBXVariantGroup section */
		174ECB961A83428A0017736D /* Main.storyboard */ = {
			isa = PBXVariantGroup;
			children = (
				174ECB971A83428A0017736D /* Base */,
			);
			name = Main.storyboard;
			sourceTree = "<group>";
		};
/* End PBXVariantGroup section */

/* Begin XCBuildConfiguration section */
		174ECBAA1A83428A0017736D /* Debug */ = {
			isa = XCBuildConfiguration;
			buildSettings = {
				ALWAYS_SEARCH_USER_PATHS = NO;
				CLANG_CXX_LANGUAGE_STANDARD = "gnu++0x";
				CLANG_CXX_LIBRARY = "libc++";
				CLANG_ENABLE_MODULES = YES;
				CLANG_ENABLE_OBJC_ARC = YES;
				CLANG_WARN_BOOL_CONVERSION = YES;
				CLANG_WARN_CONSTANT_CONVERSION = YES;
				CLANG_WARN_DIRECT_OBJC_ISA_USAGE = YES_ERROR;
				CLANG_WARN_EMPTY_BODY = YES;
				CLANG_WARN_ENUM_CONVERSION = YES;
				CLANG_WARN_INT_CONVERSION = YES;
				CLANG_WARN_OBJC_ROOT_CLASS = YES_ERROR;
				CLANG_WARN_UNREACHABLE_CODE = YES;
				CLANG_WARN__DUPLICATE_METHOD_MATCH = YES;
				"CODE_SIGN_IDENTITY[sdk=iphoneos*]" = "iPhone Developer";
				COPY_PHASE_STRIP = NO;
				ENABLE_STRICT_OBJC_MSGSEND = YES;
				GCC_C_LANGUAGE_STANDARD = gnu99;
				GCC_DYNAMIC_NO_PIC = NO;
				GCC_OPTIMIZATION_LEVEL = 0;
				GCC_PREPROCESSOR_DEFINITIONS = (
					"DEBUG=1",
					"$(inherited)",
				);
				GCC_SYMBOLS_PRIVATE_EXTERN = NO;
				GCC_WARN_64_TO_32_BIT_CONVERSION = YES;
				GCC_WARN_ABOUT_RETURN_TYPE = YES_ERROR;
				GCC_WARN_UNDECLARED_SELECTOR = YES;
				GCC_WARN_UNINITIALIZED_AUTOS = YES_AGGRESSIVE;
				GCC_WARN_UNUSED_FUNCTION = YES;
				GCC_WARN_UNUSED_VARIABLE = YES;
				IPHONEOS_DEPLOYMENT_TARGET = 7.0;
				MTL_ENABLE_DEBUG_INFO = YES;
				ONLY_ACTIVE_ARCH = YES;
				SDKROOT = iphoneos;
			};
			name = Debug;
		};
		174ECBAB1A83428A0017736D /* Release */ = {
			isa = XCBuildConfiguration;
			buildSettings = {
				ALWAYS_SEARCH_USER_PATHS = NO;
				CLANG_CXX_LANGUAGE_STANDARD = "gnu++0x";
				CLANG_CXX_LIBRARY = "libc++";
				CLANG_ENABLE_MODULES = YES;
				CLANG_ENABLE_OBJC_ARC = YES;
				CLANG_WARN_BOOL_CONVERSION = YES;
				CLANG_WARN_CONSTANT_CONVERSION = YES;
				CLANG_WARN_DIRECT_OBJC_ISA_USAGE = YES_ERROR;
				CLANG_WARN_EMPTY_BODY = YES;
				CLANG_WARN_ENUM_CONVERSION = YES;
				CLANG_WARN_INT_CONVERSION = YES;
				CLANG_WARN_OBJC_ROOT_CLASS = YES_ERROR;
				CLANG_WARN_UNREACHABLE_CODE = YES;
				CLANG_WARN__DUPLICATE_METHOD_MATCH = YES;
				"CODE_SIGN_IDENTITY[sdk=iphoneos*]" = "iPhone Developer";
				COPY_PHASE_STRIP = YES;
				ENABLE_NS_ASSERTIONS = NO;
				ENABLE_STRICT_OBJC_MSGSEND = YES;
				GCC_C_LANGUAGE_STANDARD = gnu99;
				GCC_WARN_64_TO_32_BIT_CONVERSION = YES;
				GCC_WARN_ABOUT_RETURN_TYPE = YES_ERROR;
				GCC_WARN_UNDECLARED_SELECTOR = YES;
				GCC_WARN_UNINITIALIZED_AUTOS = YES_AGGRESSIVE;
				GCC_WARN_UNUSED_FUNCTION = YES;
				GCC_WARN_UNUSED_VARIABLE = YES;
				IPHONEOS_DEPLOYMENT_TARGET = 7.0;
				MTL_ENABLE_DEBUG_INFO = NO;
				SDKROOT = iphoneos;
				VALIDATE_PRODUCT = YES;
			};
			name = Release;
		};
		174ECBAD1A83428A0017736D /* Debug */ = {
			isa = XCBuildConfiguration;
			buildSettings = {
				ASSETCATALOG_COMPILER_APPICON_NAME = AppIcon;
				ASSETCATALOG_COMPILER_LAUNCHIMAGE_NAME = LaunchImage;
				GCC_PRECOMPILE_PREFIX_HEADER = YES;
				GCC_PREFIX_HEADER = "BackgroundApp/BackgroundApp-Prefix.pch";
				INFOPLIST_FILE = BackgroundApp/Info.plist;
				IPHONEOS_DEPLOYMENT_TARGET = 7.0;
				LD_RUNPATH_SEARCH_PATHS = "$(inherited) @executable_path/Frameworks";
				PRODUCT_NAME = "$(TARGET_NAME)";
			};
			name = Debug;
		};
		174ECBAE1A83428A0017736D /* Release */ = {
			isa = XCBuildConfiguration;
			buildSettings = {
				ASSETCATALOG_COMPILER_APPICON_NAME = AppIcon;
				ASSETCATALOG_COMPILER_LAUNCHIMAGE_NAME = LaunchImage;
				GCC_PRECOMPILE_PREFIX_HEADER = YES;
				GCC_PREFIX_HEADER = "BackgroundApp/BackgroundApp-Prefix.pch";
				INFOPLIST_FILE = BackgroundApp/Info.plist;
				IPHONEOS_DEPLOYMENT_TARGET = 7.0;
				LD_RUNPATH_SEARCH_PATHS = "$(inherited) @executable_path/Frameworks";
				PRODUCT_NAME = "$(TARGET_NAME)";
			};
			name = Release;
		};
		174ECBB01A83428A0017736D /* Debug */ = {
			isa = XCBuildConfiguration;
			buildSettings = {
				BUNDLE_LOADER = "$(TEST_HOST)";
				FRAMEWORK_SEARCH_PATHS = (
					"$(SDKROOT)/Developer/Library/Frameworks",
					"$(inherited)",
				);
				GCC_PREPROCESSOR_DEFINITIONS = (
					"DEBUG=1",
					"$(inherited)",
				);
				INFOPLIST_FILE = BackgroundAppTests/Info.plist;
				LD_RUNPATH_SEARCH_PATHS = "$(inherited) @executable_path/Frameworks @loader_path/Frameworks";
				PRODUCT_NAME = "$(TARGET_NAME)";
				TEST_HOST = "$(BUILT_PRODUCTS_DIR)/BackgroundApp.app/BackgroundApp";
			};
			name = Debug;
		};
		174ECBB11A83428A0017736D /* Release */ = {
			isa = XCBuildConfiguration;
			buildSettings = {
				BUNDLE_LOADER = "$(TEST_HOST)";
				FRAMEWORK_SEARCH_PATHS = (
					"$(SDKROOT)/Developer/Library/Frameworks",
					"$(inherited)",
				);
				INFOPLIST_FILE = BackgroundAppTests/Info.plist;
				LD_RUNPATH_SEARCH_PATHS = "$(inherited) @executable_path/Frameworks @loader_path/Frameworks";
				PRODUCT_NAME = "$(TARGET_NAME)";
				TEST_HOST = "$(BUILT_PRODUCTS_DIR)/BackgroundApp.app/BackgroundApp";
			};
			name = Release;
		};
/* End XCBuildConfiguration section */

/* Begin XCConfigurationList section */
		174ECB841A83428A0017736D /* Build configuration list for PBXProject "BackgroundApp" */ = {
			isa = XCConfigurationList;
			buildConfigurations = (
				174ECBAA1A83428A0017736D /* Debug */,
				174ECBAB1A83428A0017736D /* Release */,
			);
			defaultConfigurationIsVisible = 0;
			defaultConfigurationName = Release;
		};
		174ECBAC1A83428A0017736D /* Build configuration list for PBXNativeTarget "BackgroundApp" */ = {
			isa = XCConfigurationList;
			buildConfigurations = (
				174ECBAD1A83428A0017736D /* Debug */,
				174ECBAE1A83428A0017736D /* Release */,
			);
			defaultConfigurationIsVisible = 0;
			defaultConfigurationName = Release;
		};
		174ECBAF1A83428A0017736D /* Build configuration list for PBXNativeTarget "BackgroundAppTests" */ = {
			isa = XCConfigurationList;
			buildConfigurations = (
				174ECBB01A83428A0017736D /* Debug */,
				174ECBB11A83428A0017736D /* Release */,
			);
			defaultConfigurationIsVisible = 0;
			defaultConfigurationName = Release;
		};
/* End XCConfigurationList section */
	};
	rootObject = 174ECB811A83428A0017736D /* Project object */;
}
